
Microsoft Visual Studio Solution File, Format Version 12.00
# Visual Studio Version 16
VisualStudioVersion = 16.0.29025.244
MinimumVisualStudioVersion = 10.0.40219.1
Project("{8BC9CEB8-8B4A-11D0-8D11-00A0C91BC942}") = "MarkdownText", "MarkdownText\MarkDownText.vcxproj", "{1590D7CD-7D3A-4AB7-A355-EE02F7FB987D}"
EndProject
Project("{8BC9CEB8-8B4A-11D0-8D11-00A0C91BC942}") = "duilib", "DirectUILib\DuiLib\duilib.vcxproj", "{E106ACD7-4E53-4AEE-942B-D0DD426DB34E}"
EndProject
Project("{8BC9CEB8-8B4A-11D0-8D11-00A0C91BC942}") = "LocationNavigate", "LocationNavigate\LocationNavigate.vcxproj", "{7C8F1AC3-7691-4B64-B5EA-200FF5D7FE2A}"
EndProject
Project("{8BC9CEB8-8B4A-11D0-8D11-00A0C91BC942}") = "HexEditor", "HexEditor\HexEditor.vcxproj", "{2222B883-BCCA-4DD0-A539-C7BB7465F24A}"
EndProject
Project("{8BC9CEB8-8B4A-11D0-8D11-00A0C91BC942}") = "MultiClipboard", "MultiClipboard\MultiClipboard.vcxproj", "{0A9F9D63-C282-4AE8-9F80-A6D5F541AD12}"
EndProject
Project("{8BC9CEB8-8B4A-11D0-8D11-00A0C91BC942}") = "PyNPP", "PyNPP\PyNPP.vcxproj", "{CFAA244D-7561-44CD-A3FB-2A5843850A89}"
EndProject
Global
	GlobalSection(SolutionConfigurationPlatforms) = preSolution
		Debug|Win32 = Debug|Win32
		Debug|x64 = Debug|x64
		Release|Win32 = Release|Win32
		Release|x64 = Release|x64
	EndGlobalSection
	GlobalSection(ProjectConfigurationPlatforms) = postSolution
		{1590D7CD-7D3A-4AB7-A355-EE02F7FB987D}.Debug|Win32.ActiveCfg = Debug|Win32
		{1590D7CD-7D3A-4AB7-A355-EE02F7FB987D}.Debug|Win32.Build.0 = Debug|Win32
		{1590D7CD-7D3A-4AB7-A355-EE02F7FB987D}.Debug|x64.ActiveCfg = Debug|x64
		{1590D7CD-7D3A-4AB7-A355-EE02F7FB987D}.Debug|x64.Build.0 = Debug|x64
		{1590D7CD-7D3A-4AB7-A355-EE02F7FB987D}.Release|Win32.ActiveCfg = Release|Win32
		{1590D7CD-7D3A-4AB7-A355-EE02F7FB987D}.Release|Win32.Build.0 = Release|Win32
		{1590D7CD-7D3A-4AB7-A355-EE02F7FB987D}.Release|x64.ActiveCfg = Release|x64
		{1590D7CD-7D3A-4AB7-A355-EE02F7FB987D}.Release|x64.Build.0 = Release|x64
		{E106ACD7-4E53-4AEE-942B-D0DD426DB34E}.Debug|Win32.ActiveCfg = Debug|Win32
		{E106ACD7-4E53-4AEE-942B-D0DD426DB34E}.Debug|Win32.Build.0 = Debug|Win32
		{E106ACD7-4E53-4AEE-942B-D0DD426DB34E}.Debug|x64.ActiveCfg = Debug|x64
		{E106ACD7-4E53-4AEE-942B-D0DD426DB34E}.Debug|x64.Build.0 = Debug|x64
		{E106ACD7-4E53-4AEE-942B-D0DD426DB34E}.Release|Win32.ActiveCfg = Release|Win32
		{E106ACD7-4E53-4AEE-942B-D0DD426DB34E}.Release|Win32.Build.0 = Release|Win32
		{E106ACD7-4E53-4AEE-942B-D0DD426DB34E}.Release|x64.ActiveCfg = Release|x64
		{E106ACD7-4E53-4AEE-942B-D0DD426DB34E}.Release|x64.Build.0 = Release|x64
		{7C8F1AC3-7691-4B64-B5EA-200FF5D7FE2A}.Debug|Win32.ActiveCfg = Debug|Win32
		{7C8F1AC3-7691-4B64-B5EA-200FF5D7FE2A}.Debug|Win32.Build.0 = Debug|Win32
		{7C8F1AC3-7691-4B64-B5EA-200FF5D7FE2A}.Debug|x64.ActiveCfg = Debug|x64
		{7C8F1AC3-7691-4B64-B5EA-200FF5D7FE2A}.Debug|x64.Build.0 = Debug|x64
		{7C8F1AC3-7691-4B64-B5EA-200FF5D7FE2A}.Release|Win32.ActiveCfg = Release|Win32
		{7C8F1AC3-7691-4B64-B5EA-200FF5D7FE2A}.Release|x64.ActiveCfg = Release|x64
		{7C8F1AC3-7691-4B64-B5EA-200FF5D7FE2A}.Release|x64.Build.0 = Release|x64
		{2222B883-BCCA-4DD0-A539-C7BB7465F24A}.Debug|Win32.ActiveCfg = Debug|Win32
		{2222B883-BCCA-4DD0-A539-C7BB7465F24A}.Debug|Win32.Build.0 = Debug|Win32
		{2222B883-BCCA-4DD0-A539-C7BB7465F24A}.Debug|x64.ActiveCfg = Debug|x64
		{2222B883-BCCA-4DD0-A539-C7BB7465F24A}.Debug|x64.Build.0 = Debug|x64
		{2222B883-BCCA-4DD0-A539-C7BB7465F24A}.Release|Win32.ActiveCfg = Release|Win32
		{2222B883-BCCA-4DD0-A539-C7BB7465F24A}.Release|Win32.Build.0 = Release|Win32
		{2222B883-BCCA-4DD0-A539-C7BB7465F24A}.Release|x64.ActiveCfg = Release|x64
		{2222B883-BCCA-4DD0-A539-C7BB7465F24A}.Release|x64.Build.0 = Release|x64
		{0A9F9D63-C282-4AE8-9F80-A6D5F541AD12}.Debug|Win32.ActiveCfg = Debug|Win32
		{0A9F9D63-C282-4AE8-9F80-A6D5F541AD12}.Debug|Win32.Build.0 = Debug|Win32
		{0A9F9D63-C282-4AE8-9F80-A6D5F541AD12}.Debug|x64.ActiveCfg = Debug|x64
		{0A9F9D63-C282-4AE8-9F80-A6D5F541AD12}.Debug|x64.Build.0 = Debug|x64
		{0A9F9D63-C282-4AE8-9F80-A6D5F541AD12}.Release|Win32.ActiveCfg = Release|Win32
		{0A9F9D63-C282-4AE8-9F80-A6D5F541AD12}.Release|Win32.Build.0 = Release|Win32
		{0A9F9D63-C282-4AE8-9F80-A6D5F541AD12}.Release|x64.ActiveCfg = Release|x64
		{0A9F9D63-C282-4AE8-9F80-A6D5F541AD12}.Release|x64.Build.0 = Release|x64
		{CFAA244D-7561-44CD-A3FB-2A5843850A89}.Debug|Win32.ActiveCfg = Debug|Win32
		{CFAA244D-7561-44CD-A3FB-2A5843850A89}.Debug|Win32.Build.0 = Debug|Win32
		{CFAA244D-7561-44CD-A3FB-2A5843850A89}.Debug|x64.ActiveCfg = Debug|x64
		{CFAA244D-7561-44CD-A3FB-2A5843850A89}.Debug|x64.Build.0 = Debug|x64
		{CFAA244D-7561-44CD-A3FB-2A5843850A89}.Release|Win32.ActiveCfg = Release|Win32
		{CFAA244D-7561-44CD-A3FB-2A5843850A89}.Release|Win32.Build.0 = Release|Win32
		{CFAA244D-7561-44CD-A3FB-2A5843850A89}.Release|x64.ActiveCfg = Release|x64
		{CFAA244D-7561-44CD-A3FB-2A5843850A89}.Release|x64.Build.0 = Release|x64
	EndGlobalSection
	GlobalSection(SolutionProperties) = preSolution
		HideSolutionNode = FALSE
	EndGlobalSection
	GlobalSection(ExtensibilityGlobals) = postSolution
		SolutionGuid = {BB0655C2-A9D5-47D6-B2B9-4BA8E1B1FD34}
	EndGlobalSection
EndGlobal
