<?xml version="1.0" encoding="utf-8"?>
<Project ToolsVersion="4.0" xmlns="http://schemas.microsoft.com/developer/msbuild/2003">
  <ItemGroup>
    <ClCompile Include="..\DuiLib\ControlEx\ComboEdit.cpp">
      <Filter>src\DuiLibEx</Filter>
    </ClCompile>
    <ClCompile Include="..\DuiLib\ControlEx\UIBeautifulSwitch.cpp">
      <Filter>src\DuiLibEx</Filter>
    </ClCompile>
    <ClCompile Include="TestDuiLib.cpp">
      <Filter>src\DuiLibEx</Filter>
    </ClCompile>
    <ClCompile Include="..\DuiLib\ControlEx\ImageView.cpp">
      <Filter>src\DuiLibEx</Filter>
    </ClCompile>
    <ClCompile Include="..\DuiLib\ControlEx\SkImageView.cpp">
      <Filter>src\DuiLibEx</Filter>
    </ClCompile>
    <ClCompile Include="_SkiaTests.cpp">
      <Filter>src</Filter>
    </ClCompile>
    <ClCompile Include="D2DTest.cpp">
      <Filter>src</Filter>
    </ClCompile>
    <ClCompile Include="..\SkiaPlotLib\glad\src\glad.c">
      <Filter>src</Filter>
    </ClCompile>
    <ClCompile Include="GLAppDemo.cpp">
      <Filter>src</Filter>
    </ClCompile>
    <ClCompile Include="GLSkiaHelloWorld.cpp">
      <Filter>src</Filter>
    </ClCompile>
    <ClCompile Include="HelloSkImage.cpp">
      <Filter>src</Filter>
    </ClCompile>
    <ClCompile Include="HelloWorld.cpp">
      <Filter>src</Filter>
    </ClCompile>
    <ClCompile Include="SkImageRegion.cpp">
      <Filter>src</Filter>
    </ClCompile>
    <ClCompile Include="SkImageViewTest.cpp">
      <Filter>src</Filter>
    </ClCompile>
    <ClCompile Include="SkImageGrid.cpp">
      <Filter>src</Filter>
    </ClCompile>
  </ItemGroup>
  <ItemGroup>
    <ClInclude Include="..\DuiLib\ControlEx\ComboEdit.h">
      <Filter>src\DuiLibEx</Filter>
    </ClInclude>
    <ClInclude Include="ControlEx.h">
      <Filter>src\DuiLibEx</Filter>
    </ClInclude>
    <ClInclude Include="..\DuiLib\ControlEx\UIBeautifulSwitch.h">
      <Filter>src\DuiLibEx</Filter>
    </ClInclude>
    <ClInclude Include="..\DuiLib\ControlEx\ImageView.h">
      <Filter>src\DuiLibEx</Filter>
    </ClInclude>
    <ClInclude Include="..\DuiLib\ControlEx\SkImageView.h">
      <Filter>src\DuiLibEx</Filter>
    </ClInclude>
    <ClInclude Include="pch.h">
      <Filter>src</Filter>
    </ClInclude>
  </ItemGroup>
  <ItemGroup>
    <Filter Include="skia_app（参考代码，不编译）">
      <UniqueIdentifier>{4b85108c-1284-47c4-842d-bd8f1662df60}</UniqueIdentifier>
    </Filter>
    <Filter Include="src">
      <UniqueIdentifier>{3a684f64-d4f1-4785-8f1e-036a12068c49}</UniqueIdentifier>
    </Filter>
    <Filter Include="src\DuiLibEx">
      <UniqueIdentifier>{40b234a0-6151-44ae-90f3-823239c8d2d4}</UniqueIdentifier>
    </Filter>
  </ItemGroup>
  <ItemGroup>
    <None Include="tools\sk_app\win\WindowContextFactory_win.h">
      <Filter>skia_app（参考代码，不编译）</Filter>
    </None>
    <None Include="tools\sk_app\Application.h">
      <Filter>skia_app（参考代码，不编译）</Filter>
    </None>
    <None Include="tools\sk_app\DisplayParams.h">
      <Filter>skia_app（参考代码，不编译）</Filter>
    </None>
    <None Include="tools\sk_app\win\main_win.cpp">
      <Filter>skia_app（参考代码，不编译）</Filter>
    </None>
    <None Include="tools\sk_app\MetalWindowContext.h">
      <Filter>skia_app（参考代码，不编译）</Filter>
    </None>
    <None Include="MISC\MyWindow.cpp">
      <Filter>skia_app（参考代码，不编译）</Filter>
    </None>
    <None Include="tools\sk_app\RasterWindowContext.h">
      <Filter>skia_app（参考代码，不编译）</Filter>
    </None>
    <None Include="tools\sk_app\win\RasterWindowContext_win.cpp">
      <Filter>skia_app（参考代码，不编译）</Filter>
    </None>
    <None Include="tools\sk_app\Window.cpp">
      <Filter>skia_app（参考代码，不编译）</Filter>
    </None>
    <None Include="tools\sk_app\Window.h">
      <Filter>skia_app（参考代码，不编译）</Filter>
    </None>
    <None Include="tools\sk_app\win\Window_win.cpp">
      <Filter>skia_app（参考代码，不编译）</Filter>
    </None>
    <None Include="tools\sk_app\win\Window_win.h">
      <Filter>skia_app（参考代码，不编译）</Filter>
    </None>
    <None Include="tools\sk_app\WindowContext.cpp">
      <Filter>skia_app（参考代码，不编译）</Filter>
    </None>
    <None Include="tools\sk_app\WindowContext.h">
      <Filter>skia_app（参考代码，不编译）</Filter>
    </None>
    <None Include="tools\sk_app\CommandSet.h">
      <Filter>skia_app（参考代码，不编译）</Filter>
    </None>
    <None Include="tools\sk_app\CommandSet.cpp">
      <Filter>skia_app（参考代码，不编译）</Filter>
    </None>
  </ItemGroup>
</Project>